// !$*UTF8*$!
{
	archiveVersion = 1;
	classes = {
	};
	objectVersion = 46;
	objects = {

/* Begin PBXBuildFile section */
		2A5A8EB91D2C823600117273 /* AppDelegate.swift in Sources */ = {isa = PBXBuildFile; fileRef = 2A5A8EB81D2C823600117273 /* AppDelegate.swift */; };
		2A5A8EBB1D2C823600117273 /* ViewController.swift in Sources */ = {isa = PBXBuildFile; fileRef = 2A5A8EBA1D2C823600117273 /* ViewController.swift */; };
		2A5A8EBE1D2C823600117273 /* Main.storyboard in Resources */ = {isa = PBXBuildFile; fileRef = 2A5A8EBC1D2C823600117273 /* Main.storyboard */; };
		2A5A8EC01D2C823600117273 /* Assets.xcassets in Resources */ = {isa = PBXBuildFile; fileRef = 2A5A8EBF1D2C823600117273 /* Assets.xcassets */; };
		2A5A8EC31D2C823600117273 /* LaunchScreen.storyboard in Resources */ = {isa = PBXBuildFile; fileRef = 2A5A8EC11D2C823600117273 /* LaunchScreen.storyboard */; };
		2A5A8ECE1D2C823600117273 /* TextFieldsTests.swift in Sources */ = {isa = PBXBuildFile; fileRef = 2A5A8ECD1D2C823600117273 /* TextFieldsTests.swift */; };
		2A5A8ED91D2C823600117273 /* TextFieldsUITests.swift in Sources */ = {isa = PBXBuildFile; fileRef = 2A5A8ED81D2C823600117273 /* TextFieldsUITests.swift */; };
		2A5A8EE71D2C825900117273 /* RandomColorTextFieldDelegate.swift in Sources */ = {isa = PBXBuildFile; fileRef = 2A5A8EE61D2C825900117273 /* RandomColorTextFieldDelegate.swift */; };
/* End PBXBuildFile section */

/* Begin PBXContainerItemProxy section */
		2A5A8ECA1D2C823600117273 /* PBXContainerItemProxy */ = {
			isa = PBXContainerItemProxy;
			containerPortal = 2A5A8EAD1D2C823600117273 /* Project object */;
			proxyType = 1;
			remoteGlobalIDString = 2A5A8EB41D2C823600117273;
			remoteInfo = TextFields;
		};
		2A5A8ED51D2C823600117273 /* PBXContainerItemProxy */ = {
			isa = PBXContainerItemProxy;
			containerPortal = 2A5A8EAD1D2C823600117273 /* Project object */;
			proxyType = 1;
			remoteGlobalIDString = 2A5A8EB41D2C823600117273;
			remoteInfo = TextFields;
		};
/* End PBXContainerItemProxy section */

/* Begin PBXFileReference section */
		2A5A8EB51D2C823600117273 /* TextFields.app */ = {isa = PBXFileReference; explicitFileType = wrapper.application; includeInIndex = 0; path = TextFields.app; sourceTree = BUILT_PRODUCTS_DIR; };
		2A5A8EB81D2C823600117273 /* AppDelegate.swift */ = {isa = PBXFileReference; lastKnownFileType = sourcecode.swift; path = AppDelegate.swift; sourceTree = "<group>"; };
		2A5A8EBA1D2C823600117273 /* ViewController.swift */ = {isa = PBXFileReference; lastKnownFileType = sourcecode.swift; path = ViewController.swift; sourceTree = "<group>"; };
		2A5A8EBD1D2C823600117273 /* Base */ = {isa = PBXFileReference; lastKnownFileType = file.storyboard; name = Base; path = Base.lproj/Main.storyboard; sourceTree = "<group>"; };
		2A5A8EBF1D2C823600117273 /* Assets.xcassets */ = {isa = PBXFileReference; lastKnownFileType = folder.assetcatalog; path = Assets.xcassets; sourceTree = "<group>"; };
		2A5A8EC21D2C823600117273 /* Base */ = {isa = PBXFileReference; lastKnownFileType = file.storyboard; name = Base; path = Base.lproj/LaunchScreen.storyboard; sourceTree = "<group>"; };
		2A5A8EC41D2C823600117273 /* Info.plist */ = {isa = PBXFileReference; lastKnownFileType = text.plist.xml; path = Info.plist; sourceTree = "<group>"; };
		2A5A8EC91D2C823600117273 /* TextFieldsTests.xctest */ = {isa = PBXFileReference; explicitFileType = wrapper.cfbundle; includeInIndex = 0; path = TextFieldsTests.xctest; sourceTree = BUILT_PRODUCTS_DIR; };
		2A5A8ECD1D2C823600117273 /* TextFieldsTests.swift */ = {isa = PBXFileReference; lastKnownFileType = sourcecode.swift; path = TextFieldsTests.swift; sourceTree = "<group>"; };
		2A5A8ECF1D2C823600117273 /* Info.plist */ = {isa = PBXFileReference; lastKnownFileType = text.plist.xml; path = Info.plist; sourceTree = "<group>"; };
		2A5A8ED41D2C823600117273 /* TextFieldsUITests.xctest */ = {isa = PBXFileReference; explicitFileType = wrapper.cfbundle; includeInIndex = 0; path = TextFieldsUITests.xctest; sourceTree = BUILT_PRODUCTS_DIR; };
		2A5A8ED81D2C823600117273 /* TextFieldsUITests.swift */ = {isa = PBXFileReference; lastKnownFileType = sourcecode.swift; path = TextFieldsUITests.swift; sourceTree = "<group>"; };
		2A5A8EDA1D2C823600117273 /* Info.plist */ = {isa = PBXFileReference; lastKnownFileType = text.plist.xml; path = Info.plist; sourceTree = "<group>"; };
		2A5A8EE61D2C825900117273 /* RandomColorTextFieldDelegate.swift */ = {isa = PBXFileReference; fileEncoding = 4; lastKnownFileType = sourcecode.swift; path = RandomColorTextFieldDelegate.swift; sourceTree = "<group>"; };
/* End PBXFileReference section */

/* Begin PBXFrameworksBuildPhase section */
		2A5A8EB21D2C823600117273 /* Frameworks */ = {
			isa = PBXFrameworksBuildPhase;
			buildActionMask = 2147483647;
			files = (
			);
			runOnlyForDeploymentPostprocessing = 0;
		};
		2A5A8EC61D2C823600117273 /* Frameworks */ = {
			isa = PBXFrameworksBuildPhase;
			buildActionMask = 2147483647;
			files = (
			);
			runOnlyForDeploymentPostprocessing = 0;
		};
		2A5A8ED11D2C823600117273 /* Frameworks */ = {
			isa = PBXFrameworksBuildPhase;
			buildActionMask = 2147483647;
			files = (
			);
			runOnlyForDeploymentPostprocessing = 0;
		};
/* End PBXFrameworksBuildPhase section */

/* Begin PBXGroup section */
		2A5A8EAC1D2C823600117273 = {
			isa = PBXGroup;
			children = (
				2A5A8EB71D2C823600117273 /* TextFields */,
				2A5A8ECC1D2C823600117273 /* TextFieldsTests */,
				2A5A8ED71D2C823600117273 /* TextFieldsUITests */,
				2A5A8EB61D2C823600117273 /* Products */,
			);
			sourceTree = "<group>";
		};
		2A5A8EB61D2C823600117273 /* Products */ = {
			isa = PBXGroup;
			children = (
				2A5A8EB51D2C823600117273 /* TextFields.app */,
				2A5A8EC91D2C823600117273 /* TextFieldsTests.xctest */,
				2A5A8ED41D2C823600117273 /* TextFieldsUITests.xctest */,
			);
			name = Products;
			sourceTree = "<group>";
		};
		2A5A8EB71D2C823600117273 /* TextFields */ = {
			isa = PBXGroup;
			children = (
				2A5A8EB81D2C823600117273 /* AppDelegate.swift */,
				2A5A8EBA1D2C823600117273 /* ViewController.swift */,
				2A5A8EE61D2C825900117273 /* RandomColorTextFieldDelegate.swift */,
				2A5A8EBC1D2C823600117273 /* Main.storyboard */,
				2A5A8EBF1D2C823600117273 /* Assets.xcassets */,
				2A5A8EC11D2C823600117273 /* LaunchScreen.storyboard */,
				2A5A8EC41D2C823600117273 /* Info.plist */,
			);
			path = TextFields;
			sourceTree = "<group>";
		};
		2A5A8ECC1D2C823600117273 /* TextFieldsTests */ = {
			isa = PBXGroup;
			children = (
				2A5A8ECD1D2C823600117273 /* TextFieldsTests.swift */,
				2A5A8ECF1D2C823600117273 /* Info.plist */,
			);
			path = TextFieldsTests;
			sourceTree = "<group>";
		};
		2A5A8ED71D2C823600117273 /* TextFieldsUITests */ = {
			isa = PBXGroup;
			children = (
				2A5A8ED81D2C823600117273 /* TextFieldsUITests.swift */,
				2A5A8EDA1D2C823600117273 /* Info.plist */,
			);
			path = TextFieldsUITests;
			sourceTree = "<group>";
		};
/* End PBXGroup section */

/* Begin PBXNativeTarget section */
		2A5A8EB41D2C823600117273 /* TextFields */ = {
			isa = PBXNativeTarget;
			buildConfigurationList = 2A5A8EDD1D2C823600117273 /* Build configuration list for PBXNativeTarget "TextFields" */;
			buildPhases = (
				2A5A8EB11D2C823600117273 /* Sources */,
				2A5A8EB21D2C823600117273 /* Frameworks */,
				2A5A8EB31D2C823600117273 /* Resources */,
			);
			buildRules = (
			);
			dependencies = (
			);
			name = TextFields;
			productName = TextFields;
			productReference = 2A5A8EB51D2C823600117273 /* TextFields.app */;
			productType = "com.apple.product-type.application";
		};
		2A5A8EC81D2C823600117273 /* TextFieldsTests */ = {
			isa = PBXNativeTarget;
			buildConfigurationList = 2A5A8EE01D2C823600117273 /* Build configuration list for PBXNativeTarget "TextFieldsTests" */;
			buildPhases = (
				2A5A8EC51D2C823600117273 /* Sources */,
				2A5A8EC61D2C823600117273 /* Frameworks */,
				2A5A8EC71D2C823600117273 /* Resources */,
			);
			buildRules = (
			);
			dependencies = (
				2A5A8ECB1D2C823600117273 /* PBXTargetDependency */,
			);
			name = TextFieldsTests;
			productName = TextFieldsTests;
			productReference = 2A5A8EC91D2C823600117273 /* TextFieldsTests.xctest */;
			productType = "com.apple.product-type.bundle.unit-test";
		};
		2A5A8ED31D2C823600117273 /* TextFieldsUITests */ = {
			isa = PBXNativeTarget;
			buildConfigurationList = 2A5A8EE31D2C823600117273 /* Build configuration list for PBXNativeTarget "TextFieldsUITests" */;
			buildPhases = (
				2A5A8ED01D2C823600117273 /* Sources */,
				2A5A8ED11D2C823600117273 /* Frameworks */,
				2A5A8ED21D2C823600117273 /* Resources */,
			);
			buildRules = (
			);
			dependencies = (
				2A5A8ED61D2C823600117273 /* PBXTargetDependency */,
			);
			name = TextFieldsUITests;
			productName = TextFieldsUITests;
			productReference = 2A5A8ED41D2C823600117273 /* TextFieldsUITests.xctest */;
			productType = "com.apple.product-type.bundle.ui-testing";
		};
/* End PBXNativeTarget section */

/* Begin PBXProject section */
		2A5A8EAD1D2C823600117273 /* Project object */ = {
			isa = PBXProject;
			attributes = {
				LastSwiftUpdateCheck = 0730;
				LastUpgradeCheck = 0730;
				ORGANIZATIONNAME = "Seab Jackson";
				TargetAttributes = {
					2A5A8EB41D2C823600117273 = {
						CreatedOnToolsVersion = 7.3.1;
						DevelopmentTeam = 86SYWTB5Q2;
					};
					2A5A8EC81D2C823600117273 = {
						CreatedOnToolsVersion = 7.3.1;
						DevelopmentTeam = 86SYWTB5Q2;
						TestTargetID = 2A5A8EB41D2C823600117273;
					};
					2A5A8ED31D2C823600117273 = {
						CreatedOnToolsVersion = 7.3.1;
						DevelopmentTeam = 86SYWTB5Q2;
						TestTargetID = 2A5A8EB41D2C823600117273;
					};
				};
			};
			buildConfigurationList = 2A5A8EB01D2C823600117273 /* Build configuration list for PBXProject "TextFields" */;
			compatibilityVersion = "Xcode 3.2";
			developmentRegion = English;
			hasScannedForEncodings = 0;
			knownRegions = (
				en,
				Base,
			);
			mainGroup = 2A5A8EAC1D2C823600117273;
			productRefGroup = 2A5A8EB61D2C823600117273 /* Products */;
			projectDirPath = "";
			projectRoot = "";
			targets = (
				2A5A8EB41D2C823600117273 /* TextFields */,
				2A5A8EC81D2C823600117273 /* TextFieldsTests */,
				2A5A8ED31D2C823600117273 /* TextFieldsUITests */,
			);
		};
/* End PBXProject section */

/* Begin PBXResourcesBuildPhase section */
		2A5A8EB31D2C823600117273 /* Resources */ = {
			isa = PBXResourcesBuildPhase;
			buildActionMask = 2147483647;
			files = (
				2A5A8EC31D2C823600117273 /* LaunchScreen.storyboard in Resources */,
				2A5A8EC01D2C823600117273 /* Assets.xcassets in Resources */,
				2A5A8EBE1D2C823600117273 /* Main.storyboard in Resources */,
			);
			runOnlyForDeploymentPostprocessing = 0;
		};
		2A5A8EC71D2C823600117273 /* Resources */ = {
			isa = PBXResourcesBuildPhase;
			buildActionMask = 2147483647;
			files = (
			);
			runOnlyForDeploymentPostprocessing = 0;
		};
		2A5A8ED21D2C823600117273 /* Resources */ = {
			isa = PBXResourcesBuildPhase;
			buildActionMask = 2147483647;
			files = (
			);
			runOnlyForDeploymentPostprocessing = 0;
		};
/* End PBXResourcesBuildPhase section */

/* Begin PBXSourcesBuildPhase section */
		2A5A8EB11D2C823600117273 /* Sources */ = {
			isa = PBXSourcesBuildPhase;
			buildActionMask = 2147483647;
			files = (
				2A5A8EBB1D2C823600117273 /* ViewController.swift in Sources */,
				2A5A8EB91D2C823600117273 /* AppDelegate.swift in Sources */,
				2A5A8EE71D2C825900117273 /* RandomColorTextFieldDelegate.swift in Sources */,
			);
			runOnlyForDeploymentPostprocessing = 0;
		};
		2A5A8EC51D2C823600117273 /* Sources */ = {
			isa = PBXSourcesBuildPhase;
			buildActionMask = 2147483647;
			files = (
				2A5A8ECE1D2C823600117273 /* TextFieldsTests.swift in Sources */,
			);
			runOnlyForDeploymentPostprocessing = 0;
		};
		2A5A8ED01D2C823600117273 /* Sources */ = {
			isa = PBXSourcesBuildPhase;
			buildActionMask = 2147483647;
			files = (
				2A5A8ED91D2C823600117273 /* TextFieldsUITests.swift in Sources */,
			);
			runOnlyForDeploymentPostprocessing = 0;
		};
/* End PBXSourcesBuildPhase section */

/* Begin PBXTargetDependency section */
		2A5A8ECB1D2C823600117273 /* PBXTargetDependency */ = {
			isa = PBXTargetDependency;
			target = 2A5A8EB41D2C823600117273 /* TextFields */;
			targetProxy = 2A5A8ECA1D2C823600117273 /* PBXContainerItemProxy */;
		};
		2A5A8ED61D2C823600117273 /* PBXTargetDependency */ = {
			isa = PBXTargetDependency;
			target = 2A5A8EB41D2C823600117273 /* TextFields */;
			targetProxy = 2A5A8ED51D2C823600117273 /* PBXContainerItemProxy */;
		};
/* End PBXTargetDependency section */

/* Begin PBXVariantGroup section */
		2A5A8EBC1D2C823600117273 /* Main.storyboard */ = {
			isa = PBXVariantGroup;
			children = (
				2A5A8EBD1D2C823600117273 /* Base */,
			);
			name = Main.storyboard;
			sourceTree = "<group>";
		};
		2A5A8EC11D2C823600117273 /* LaunchScreen.storyboard */ = {
			isa = PBXVariantGroup;
			children = (
				2A5A8EC21D2C823600117273 /* Base */,
			);
			name = LaunchScreen.storyboard;
			sourceTree = "<group>";
		};
/* End PBXVariantGroup section */

/* Begin XCBuildConfiguration section */
		2A5A8EDB1D2C823600117273 /* Debug */ = {
			isa = XCBuildConfiguration;
			buildSettings = {
				ALWAYS_SEARCH_USER_PATHS = NO;
				CLANG_ANALYZER_NONNULL = YES;
				CLANG_CXX_LANGUAGE_STANDARD = "gnu++0x";
				CLANG_CXX_LIBRARY = "libc++";
				CLANG_ENABLE_MODULES = YES;
				CLANG_ENABLE_OBJC_ARC = YES;
				CLANG_WARN_BOOL_CONVERSION = YES;
				CLANG_WARN_CONSTANT_CONVERSION = YES;
				CLANG_WARN_DIRECT_OBJC_ISA_USAGE = YES_ERROR;
				CLANG_WARN_EMPTY_BODY = YES;
				CLANG_WARN_ENUM_CONVERSION = YES;
				CLANG_WARN_INT_CONVERSION = YES;
				CLANG_WARN_OBJC_ROOT_CLASS = YES_ERROR;
				CLANG_WARN_UNREACHABLE_CODE = YES;
				CLANG_WARN__DUPLICATE_METHOD_MATCH = YES;
				"CODE_SIGN_IDENTITY[sdk=iphoneos*]" = "iPhone Developer";
				COPY_PHASE_STRIP = NO;
				DEBUG_INFORMATION_FORMAT = dwarf;
				ENABLE_STRICT_OBJC_MSGSEND = YES;
				ENABLE_TESTABILITY = YES;
				GCC_C_LANGUAGE_STANDARD = gnu99;
				GCC_DYNAMIC_NO_PIC = NO;
				GCC_NO_COMMON_BLOCKS = YES;
				GCC_OPTIMIZATION_LEVEL = 0;
				GCC_PREPROCESSOR_DEFINITIONS = (
					"DEBUG=1",
					"$(inherited)",
				);
				GCC_WARN_64_TO_32_BIT_CONVERSION = YES;
				GCC_WARN_ABOUT_RETURN_TYPE = YES_ERROR;
				GCC_WARN_UNDECLARED_SELECTOR = YES;
				GCC_WARN_UNINITIALIZED_AUTOS = YES_AGGRESSIVE;
				GCC_WARN_UNUSED_FUNCTION = YES;
				GCC_WARN_UNUSED_VARIABLE = YES;
				IPHONEOS_DEPLOYMENT_TARGET = 9.3;
				MTL_ENABLE_DEBUG_INFO = YES;
				ONLY_ACTIVE_ARCH = YES;
				SDKROOT = iphoneos;
				SWIFT_OPTIMIZATION_LEVEL = "-Onone";
			};
			name = Debug;
		};
		2A5A8EDC1D2C823600117273 /* Release */ = {
			isa = XCBuildConfiguration;
			buildSettings = {
				ALWAYS_SEARCH_USER_PATHS = NO;
				CLANG_ANALYZER_NONNULL = YES;
				CLANG_CXX_LANGUAGE_STANDARD = "gnu++0x";
				CLANG_CXX_LIBRARY = "libc++";
				CLANG_ENABLE_MODULES = YES;
				CLANG_ENABLE_OBJC_ARC = YES;
				CLANG_WARN_BOOL_CONVERSION = YES;
				CLANG_WARN_CONSTANT_CONVERSION = YES;
				CLANG_WARN_DIRECT_OBJC_ISA_USAGE = YES_ERROR;
				CLANG_WARN_EMPTY_BODY = YES;
				CLANG_WARN_ENUM_CONVERSION = YES;
				CLANG_WARN_INT_CONVERSION = YES;
				CLANG_WARN_OBJC_ROOT_CLASS = YES_ERROR;
				CLANG_WARN_UNREACHABLE_CODE = YES;
				CLANG_WARN__DUPLICATE_METHOD_MATCH = YES;
				"CODE_SIGN_IDENTITY[sdk=iphoneos*]" = "iPhone Developer";
				COPY_PHASE_STRIP = NO;
				DEBUG_INFORMATION_FORMAT = "dwarf-with-dsym";
				ENABLE_NS_ASSERTIONS = NO;
				ENABLE_STRICT_OBJC_MSGSEND = YES;
				GCC_C_LANGUAGE_STANDARD = gnu99;
				GCC_NO_COMMON_BLOCKS = YES;
				GCC_WARN_64_TO_32_BIT_CONVERSION = YES;
				GCC_WARN_ABOUT_RETURN_TYPE = YES_ERROR;
				GCC_WARN_UNDECLARED_SELECTOR = YES;
				GCC_WARN_UNINITIALIZED_AUTOS = YES_AGGRESSIVE;
				GCC_WARN_UNUSED_FUNCTION = YES;
				GCC_WARN_UNUSED_VARIABLE = YES;
				IPHONEOS_DEPLOYMENT_TARGET = 9.3;
				MTL_ENABLE_DEBUG_INFO = NO;
				SDKROOT = iphoneos;
				VALIDATE_PRODUCT = YES;
			};
			name = Release;
		};
		2A5A8EDE1D2C823600117273 /* Debug */ = {
			isa = XCBuildConfiguration;
			buildSettings = {
				ASSETCATALOG_COMPILER_APPICON_NAME = AppIcon;
				INFOPLIST_FILE = TextFields/Info.plist;
				LD_RUNPATH_SEARCH_PATHS = "$(inherited) @executable_path/Frameworks";
				PRODUCT_BUNDLE_IDENTIFIER = "Seab-Jackson.TextFields";
				PRODUCT_NAME = "$(TARGET_NAME)";
			};
			name = Debug;
		};
		2A5A8EDF1D2C823600117273 /* Release */ = {
			isa = XCBuildConfiguration;
			buildSettings = {
				ASSETCATALOG_COMPILER_APPICON_NAME = AppIcon;
				INFOPLIST_FILE = TextFields/Info.plist;
				LD_RUNPATH_SEARCH_PATHS = "$(inherited) @executable_path/Frameworks";
				PRODUCT_BUNDLE_IDENTIFIER = "Seab-Jackson.TextFields";
				PRODUCT_NAME = "$(TARGET_NAME)";
			};
			name = Release;
		};
		2A5A8EE11D2C823600117273 /* Debug */ = {
			isa = XCBuildConfiguration;
			buildSettings = {
				BUNDLE_LOADER = "$(TEST_HOST)";
				INFOPLIST_FILE = TextFieldsTests/Info.plist;
				LD_RUNPATH_SEARCH_PATHS = "$(inherited) @executable_path/Frameworks @loader_path/Frameworks";
				PRODUCT_BUNDLE_IDENTIFIER = "Seab-Jackson.TextFieldsTests";
				PRODUCT_NAME = "$(TARGET_NAME)";
				TEST_HOST = "$(BUILT_PRODUCTS_DIR)/TextFields.app/TextFields";
			};
			name = Debug;
		};
		2A5A8EE21D2C823600117273 /* Release */ = {
			isa = XCBuildConfiguration;
			buildSettings = {
				BUNDLE_LOADER = "$(TEST_HOST)";
				INFOPLIST_FILE = TextFieldsTests/Info.plist;
				LD_RUNPATH_SEARCH_PATHS = "$(inherited) @executable_path/Frameworks @loader_path/Frameworks";
				PRODUCT_BUNDLE_IDENTIFIER = "Seab-Jackson.TextFieldsTests";
				PRODUCT_NAME = "$(TARGET_NAME)";
				TEST_HOST = "$(BUILT_PRODUCTS_DIR)/TextFields.app/TextFields";
			};
			name = Release;
		};
		2A5A8EE41D2C823600117273 /* Debug */ = {
			isa = XCBuildConfiguration;
			buildSettings = {
				INFOPLIST_FILE = TextFieldsUITests/Info.plist;
				LD_RUNPATH_SEARCH_PATHS = "$(inherited) @executable_path/Frameworks @loader_path/Frameworks";
				PRODUCT_BUNDLE_IDENTIFIER = "Seab-Jackson.TextFieldsUITests";
				PRODUCT_NAME = "$(TARGET_NAME)";
				TEST_TARGET_NAME = TextFields;
			};
			name = Debug;
		};
		2A5A8EE51D2C823600117273 /* Release */ = {
			isa = XCBuildConfiguration;
			buildSettings = {
				INFOPLIST_FILE = TextFieldsUITests/Info.plist;
				LD_RUNPATH_SEARCH_PATHS = "$(inherited) @executable_path/Frameworks @loader_path/Frameworks";
				PRODUCT_BUNDLE_IDENTIFIER = "Seab-Jackson.TextFieldsUITests";
				PRODUCT_NAME = "$(TARGET_NAME)";
				TEST_TARGET_NAME = TextFields;
			};
			name = Release;
		};
/* End XCBuildConfiguration section */

/* Begin XCConfigurationList section */
		2A5A8EB01D2C823600117273 /* Build configuration list for PBXProject "TextFields" */ = {
			isa = XCConfigurationList;
			buildConfigurations = (
				2A5A8EDB1D2C823600117273 /* Debug */,
				2A5A8EDC1D2C823600117273 /* Release */,
			);
			defaultConfigurationIsVisible = 0;
			defaultConfigurationName = Release;
		};
		2A5A8EDD1D2C823600117273 /* Build configuration list for PBXNativeTarget "TextFields" */ = {
			isa = XCConfigurationList;
			buildConfigurations = (
				2A5A8EDE1D2C823600117273 /* Debug */,
				2A5A8EDF1D2C823600117273 /* Release */,
			);
			defaultConfigurationIsVisible = 0;
		};
		2A5A8EE01D2C823600117273 /* Build configuration list for PBXNativeTarget "TextFieldsTests" */ = {
			isa = XCConfigurationList;
			buildConfigurations = (
				2A5A8EE11D2C823600117273 /* Debug */,
				2A5A8EE21D2C823600117273 /* Release */,
			);
			defaultConfigurationIsVisible = 0;
		};
		2A5A8EE31D2C823600117273 /* Build configuration list for PBXNativeTarget "TextFieldsUITests" */ = {
			isa = XCConfigurationList;
			buildConfigurations = (
				2A5A8EE41D2C823600117273 /* Debug */,
				2A5A8EE51D2C823600117273 /* Release */,
			);
			defaultConfigurationIsVisible = 0;
		};
/* End XCConfigurationList section */
	};
	rootObject = 2A5A8EAD1D2C823600117273 /* Project object */;
}
