// !$*UTF8*$!
{
	archiveVersion = 1;
	classes = {
	};
	objectVersion = 46;
	objects = {

/* Begin PBXBuildFile section */
		2A5A8DCF1D2ACAF900117273 /* AppDelegate.swift in Sources */ = {isa = PBXBuildFile; fileRef = 2A5A8DCE1D2ACAF900117273 /* AppDelegate.swift */; };
		2A5A8DD11D2ACAF900117273 /* ViewController.swift in Sources */ = {isa = PBXBuildFile; fileRef = 2A5A8DD01D2ACAF900117273 /* ViewController.swift */; };
		2A5A8DD41D2ACAF900117273 /* Main.storyboard in Resources */ = {isa = PBXBuildFile; fileRef = 2A5A8DD21D2ACAF900117273 /* Main.storyboard */; };
		2A5A8DD61D2ACAF900117273 /* Assets.xcassets in Resources */ = {isa = PBXBuildFile; fileRef = 2A5A8DD51D2ACAF900117273 /* Assets.xcassets */; };
		2A5A8DD91D2ACAF900117273 /* LaunchScreen.storyboard in Resources */ = {isa = PBXBuildFile; fileRef = 2A5A8DD71D2ACAF900117273 /* LaunchScreen.storyboard */; };
		2A5A8DE41D2ACAF900117273 /* ClickTests.swift in Sources */ = {isa = PBXBuildFile; fileRef = 2A5A8DE31D2ACAF900117273 /* ClickTests.swift */; };
		2A5A8DEF1D2ACAF900117273 /* ClickUITests.swift in Sources */ = {isa = PBXBuildFile; fileRef = 2A5A8DEE1D2ACAF900117273 /* ClickUITests.swift */; };
/* End PBXBuildFile section */

/* Begin PBXContainerItemProxy section */
		2A5A8DE01D2ACAF900117273 /* PBXContainerItemProxy */ = {
			isa = PBXContainerItemProxy;
			containerPortal = 2A5A8DC31D2ACAF800117273 /* Project object */;
			proxyType = 1;
			remoteGlobalIDString = 2A5A8DCA1D2ACAF800117273;
			remoteInfo = Click;
		};
		2A5A8DEB1D2ACAF900117273 /* PBXContainerItemProxy */ = {
			isa = PBXContainerItemProxy;
			containerPortal = 2A5A8DC31D2ACAF800117273 /* Project object */;
			proxyType = 1;
			remoteGlobalIDString = 2A5A8DCA1D2ACAF800117273;
			remoteInfo = Click;
		};
/* End PBXContainerItemProxy section */

/* Begin PBXFileReference section */
		2A5A8DCB1D2ACAF900117273 /* Click.app */ = {isa = PBXFileReference; explicitFileType = wrapper.application; includeInIndex = 0; path = Click.app; sourceTree = BUILT_PRODUCTS_DIR; };
		2A5A8DCE1D2ACAF900117273 /* AppDelegate.swift */ = {isa = PBXFileReference; lastKnownFileType = sourcecode.swift; path = AppDelegate.swift; sourceTree = "<group>"; };
		2A5A8DD01D2ACAF900117273 /* ViewController.swift */ = {isa = PBXFileReference; lastKnownFileType = sourcecode.swift; path = ViewController.swift; sourceTree = "<group>"; };
		2A5A8DD31D2ACAF900117273 /* Base */ = {isa = PBXFileReference; lastKnownFileType = file.storyboard; name = Base; path = Base.lproj/Main.storyboard; sourceTree = "<group>"; };
		2A5A8DD51D2ACAF900117273 /* Assets.xcassets */ = {isa = PBXFileReference; lastKnownFileType = folder.assetcatalog; path = Assets.xcassets; sourceTree = "<group>"; };
		2A5A8DD81D2ACAF900117273 /* Base */ = {isa = PBXFileReference; lastKnownFileType = file.storyboard; name = Base; path = Base.lproj/LaunchScreen.storyboard; sourceTree = "<group>"; };
		2A5A8DDA1D2ACAF900117273 /* Info.plist */ = {isa = PBXFileReference; lastKnownFileType = text.plist.xml; path = Info.plist; sourceTree = "<group>"; };
		2A5A8DDF1D2ACAF900117273 /* ClickTests.xctest */ = {isa = PBXFileReference; explicitFileType = wrapper.cfbundle; includeInIndex = 0; path = ClickTests.xctest; sourceTree = BUILT_PRODUCTS_DIR; };
		2A5A8DE31D2ACAF900117273 /* ClickTests.swift */ = {isa = PBXFileReference; lastKnownFileType = sourcecode.swift; path = ClickTests.swift; sourceTree = "<group>"; };
		2A5A8DE51D2ACAF900117273 /* Info.plist */ = {isa = PBXFileReference; lastKnownFileType = text.plist.xml; path = Info.plist; sourceTree = "<group>"; };
		2A5A8DEA1D2ACAF900117273 /* ClickUITests.xctest */ = {isa = PBXFileReference; explicitFileType = wrapper.cfbundle; includeInIndex = 0; path = ClickUITests.xctest; sourceTree = BUILT_PRODUCTS_DIR; };
		2A5A8DEE1D2ACAF900117273 /* ClickUITests.swift */ = {isa = PBXFileReference; lastKnownFileType = sourcecode.swift; path = ClickUITests.swift; sourceTree = "<group>"; };
		2A5A8DF01D2ACAF900117273 /* Info.plist */ = {isa = PBXFileReference; lastKnownFileType = text.plist.xml; path = Info.plist; sourceTree = "<group>"; };
/* End PBXFileReference section */

/* Begin PBXFrameworksBuildPhase section */
		2A5A8DC81D2ACAF800117273 /* Frameworks */ = {
			isa = PBXFrameworksBuildPhase;
			buildActionMask = 2147483647;
			files = (
			);
			runOnlyForDeploymentPostprocessing = 0;
		};
		2A5A8DDC1D2ACAF900117273 /* Frameworks */ = {
			isa = PBXFrameworksBuildPhase;
			buildActionMask = 2147483647;
			files = (
			);
			runOnlyForDeploymentPostprocessing = 0;
		};
		2A5A8DE71D2ACAF900117273 /* Frameworks */ = {
			isa = PBXFrameworksBuildPhase;
			buildActionMask = 2147483647;
			files = (
			);
			runOnlyForDeploymentPostprocessing = 0;
		};
/* End PBXFrameworksBuildPhase section */

/* Begin PBXGroup section */
		2A5A8DC21D2ACAF800117273 = {
			isa = PBXGroup;
			children = (
				2A5A8DCD1D2ACAF900117273 /* Click */,
				2A5A8DE21D2ACAF900117273 /* ClickTests */,
				2A5A8DED1D2ACAF900117273 /* ClickUITests */,
				2A5A8DCC1D2ACAF900117273 /* Products */,
			);
			sourceTree = "<group>";
		};
		2A5A8DCC1D2ACAF900117273 /* Products */ = {
			isa = PBXGroup;
			children = (
				2A5A8DCB1D2ACAF900117273 /* Click.app */,
				2A5A8DDF1D2ACAF900117273 /* ClickTests.xctest */,
				2A5A8DEA1D2ACAF900117273 /* ClickUITests.xctest */,
			);
			name = Products;
			sourceTree = "<group>";
		};
		2A5A8DCD1D2ACAF900117273 /* Click */ = {
			isa = PBXGroup;
			children = (
				2A5A8DCE1D2ACAF900117273 /* AppDelegate.swift */,
				2A5A8DD01D2ACAF900117273 /* ViewController.swift */,
				2A5A8DD21D2ACAF900117273 /* Main.storyboard */,
				2A5A8DD51D2ACAF900117273 /* Assets.xcassets */,
				2A5A8DD71D2ACAF900117273 /* LaunchScreen.storyboard */,
				2A5A8DDA1D2ACAF900117273 /* Info.plist */,
			);
			path = Click;
			sourceTree = "<group>";
		};
		2A5A8DE21D2ACAF900117273 /* ClickTests */ = {
			isa = PBXGroup;
			children = (
				2A5A8DE31D2ACAF900117273 /* ClickTests.swift */,
				2A5A8DE51D2ACAF900117273 /* Info.plist */,
			);
			path = ClickTests;
			sourceTree = "<group>";
		};
		2A5A8DED1D2ACAF900117273 /* ClickUITests */ = {
			isa = PBXGroup;
			children = (
				2A5A8DEE1D2ACAF900117273 /* ClickUITests.swift */,
				2A5A8DF01D2ACAF900117273 /* Info.plist */,
			);
			path = ClickUITests;
			sourceTree = "<group>";
		};
/* End PBXGroup section */

/* Begin PBXNativeTarget section */
		2A5A8DCA1D2ACAF800117273 /* Click */ = {
			isa = PBXNativeTarget;
			buildConfigurationList = 2A5A8DF31D2ACAF900117273 /* Build configuration list for PBXNativeTarget "Click" */;
			buildPhases = (
				2A5A8DC71D2ACAF800117273 /* Sources */,
				2A5A8DC81D2ACAF800117273 /* Frameworks */,
				2A5A8DC91D2ACAF800117273 /* Resources */,
			);
			buildRules = (
			);
			dependencies = (
			);
			name = Click;
			productName = Click;
			productReference = 2A5A8DCB1D2ACAF900117273 /* Click.app */;
			productType = "com.apple.product-type.application";
		};
		2A5A8DDE1D2ACAF900117273 /* ClickTests */ = {
			isa = PBXNativeTarget;
			buildConfigurationList = 2A5A8DF61D2ACAF900117273 /* Build configuration list for PBXNativeTarget "ClickTests" */;
			buildPhases = (
				2A5A8DDB1D2ACAF900117273 /* Sources */,
				2A5A8DDC1D2ACAF900117273 /* Frameworks */,
				2A5A8DDD1D2ACAF900117273 /* Resources */,
			);
			buildRules = (
			);
			dependencies = (
				2A5A8DE11D2ACAF900117273 /* PBXTargetDependency */,
			);
			name = ClickTests;
			productName = ClickTests;
			productReference = 2A5A8DDF1D2ACAF900117273 /* ClickTests.xctest */;
			productType = "com.apple.product-type.bundle.unit-test";
		};
		2A5A8DE91D2ACAF900117273 /* ClickUITests */ = {
			isa = PBXNativeTarget;
			buildConfigurationList = 2A5A8DF91D2ACAF900117273 /* Build configuration list for PBXNativeTarget "ClickUITests" */;
			buildPhases = (
				2A5A8DE61D2ACAF900117273 /* Sources */,
				2A5A8DE71D2ACAF900117273 /* Frameworks */,
				2A5A8DE81D2ACAF900117273 /* Resources */,
			);
			buildRules = (
			);
			dependencies = (
				2A5A8DEC1D2ACAF900117273 /* PBXTargetDependency */,
			);
			name = ClickUITests;
			productName = ClickUITests;
			productReference = 2A5A8DEA1D2ACAF900117273 /* ClickUITests.xctest */;
			productType = "com.apple.product-type.bundle.ui-testing";
		};
/* End PBXNativeTarget section */

/* Begin PBXProject section */
		2A5A8DC31D2ACAF800117273 /* Project object */ = {
			isa = PBXProject;
			attributes = {
				LastSwiftUpdateCheck = 0730;
				LastUpgradeCheck = 0730;
				ORGANIZATIONNAME = "Seab Jackson";
				TargetAttributes = {
					2A5A8DCA1D2ACAF800117273 = {
						CreatedOnToolsVersion = 7.3.1;
						DevelopmentTeam = 86SYWTB5Q2;
					};
					2A5A8DDE1D2ACAF900117273 = {
						CreatedOnToolsVersion = 7.3.1;
						DevelopmentTeam = 86SYWTB5Q2;
						TestTargetID = 2A5A8DCA1D2ACAF800117273;
					};
					2A5A8DE91D2ACAF900117273 = {
						CreatedOnToolsVersion = 7.3.1;
						DevelopmentTeam = 86SYWTB5Q2;
						TestTargetID = 2A5A8DCA1D2ACAF800117273;
					};
				};
			};
			buildConfigurationList = 2A5A8DC61D2ACAF800117273 /* Build configuration list for PBXProject "Click" */;
			compatibilityVersion = "Xcode 3.2";
			developmentRegion = English;
			hasScannedForEncodings = 0;
			knownRegions = (
				en,
				Base,
			);
			mainGroup = 2A5A8DC21D2ACAF800117273;
			productRefGroup = 2A5A8DCC1D2ACAF900117273 /* Products */;
			projectDirPath = "";
			projectRoot = "";
			targets = (
				2A5A8DCA1D2ACAF800117273 /* Click */,
				2A5A8DDE1D2ACAF900117273 /* ClickTests */,
				2A5A8DE91D2ACAF900117273 /* ClickUITests */,
			);
		};
/* End PBXProject section */

/* Begin PBXResourcesBuildPhase section */
		2A5A8DC91D2ACAF800117273 /* Resources */ = {
			isa = PBXResourcesBuildPhase;
			buildActionMask = 2147483647;
			files = (
				2A5A8DD91D2ACAF900117273 /* LaunchScreen.storyboard in Resources */,
				2A5A8DD61D2ACAF900117273 /* Assets.xcassets in Resources */,
				2A5A8DD41D2ACAF900117273 /* Main.storyboard in Resources */,
			);
			runOnlyForDeploymentPostprocessing = 0;
		};
		2A5A8DDD1D2ACAF900117273 /* Resources */ = {
			isa = PBXResourcesBuildPhase;
			buildActionMask = 2147483647;
			files = (
			);
			runOnlyForDeploymentPostprocessing = 0;
		};
		2A5A8DE81D2ACAF900117273 /* Resources */ = {
			isa = PBXResourcesBuildPhase;
			buildActionMask = 2147483647;
			files = (
			);
			runOnlyForDeploymentPostprocessing = 0;
		};
/* End PBXResourcesBuildPhase section */

/* Begin PBXSourcesBuildPhase section */
		2A5A8DC71D2ACAF800117273 /* Sources */ = {
			isa = PBXSourcesBuildPhase;
			buildActionMask = 2147483647;
			files = (
				2A5A8DD11D2ACAF900117273 /* ViewController.swift in Sources */,
				2A5A8DCF1D2ACAF900117273 /* AppDelegate.swift in Sources */,
			);
			runOnlyForDeploymentPostprocessing = 0;
		};
		2A5A8DDB1D2ACAF900117273 /* Sources */ = {
			isa = PBXSourcesBuildPhase;
			buildActionMask = 2147483647;
			files = (
				2A5A8DE41D2ACAF900117273 /* ClickTests.swift in Sources */,
			);
			runOnlyForDeploymentPostprocessing = 0;
		};
		2A5A8DE61D2ACAF900117273 /* Sources */ = {
			isa = PBXSourcesBuildPhase;
			buildActionMask = 2147483647;
			files = (
				2A5A8DEF1D2ACAF900117273 /* ClickUITests.swift in Sources */,
			);
			runOnlyForDeploymentPostprocessing = 0;
		};
/* End PBXSourcesBuildPhase section */

/* Begin PBXTargetDependency section */
		2A5A8DE11D2ACAF900117273 /* PBXTargetDependency */ = {
			isa = PBXTargetDependency;
			target = 2A5A8DCA1D2ACAF800117273 /* Click */;
			targetProxy = 2A5A8DE01D2ACAF900117273 /* PBXContainerItemProxy */;
		};
		2A5A8DEC1D2ACAF900117273 /* PBXTargetDependency */ = {
			isa = PBXTargetDependency;
			target = 2A5A8DCA1D2ACAF800117273 /* Click */;
			targetProxy = 2A5A8DEB1D2ACAF900117273 /* PBXContainerItemProxy */;
		};
/* End PBXTargetDependency section */

/* Begin PBXVariantGroup section */
		2A5A8DD21D2ACAF900117273 /* Main.storyboard */ = {
			isa = PBXVariantGroup;
			children = (
				2A5A8DD31D2ACAF900117273 /* Base */,
			);
			name = Main.storyboard;
			sourceTree = "<group>";
		};
		2A5A8DD71D2ACAF900117273 /* LaunchScreen.storyboard */ = {
			isa = PBXVariantGroup;
			children = (
				2A5A8DD81D2ACAF900117273 /* Base */,
			);
			name = LaunchScreen.storyboard;
			sourceTree = "<group>";
		};
/* End PBXVariantGroup section */

/* Begin XCBuildConfiguration section */
		2A5A8DF11D2ACAF900117273 /* Debug */ = {
			isa = XCBuildConfiguration;
			buildSettings = {
				ALWAYS_SEARCH_USER_PATHS = NO;
				CLANG_ANALYZER_NONNULL = YES;
				CLANG_CXX_LANGUAGE_STANDARD = "gnu++0x";
				CLANG_CXX_LIBRARY = "libc++";
				CLANG_ENABLE_MODULES = YES;
				CLANG_ENABLE_OBJC_ARC = YES;
				CLANG_WARN_BOOL_CONVERSION = YES;
				CLANG_WARN_CONSTANT_CONVERSION = YES;
				CLANG_WARN_DIRECT_OBJC_ISA_USAGE = YES_ERROR;
				CLANG_WARN_EMPTY_BODY = YES;
				CLANG_WARN_ENUM_CONVERSION = YES;
				CLANG_WARN_INT_CONVERSION = YES;
				CLANG_WARN_OBJC_ROOT_CLASS = YES_ERROR;
				CLANG_WARN_UNREACHABLE_CODE = YES;
				CLANG_WARN__DUPLICATE_METHOD_MATCH = YES;
				"CODE_SIGN_IDENTITY[sdk=iphoneos*]" = "iPhone Developer";
				COPY_PHASE_STRIP = NO;
				DEBUG_INFORMATION_FORMAT = dwarf;
				ENABLE_STRICT_OBJC_MSGSEND = YES;
				ENABLE_TESTABILITY = YES;
				GCC_C_LANGUAGE_STANDARD = gnu99;
				GCC_DYNAMIC_NO_PIC = NO;
				GCC_NO_COMMON_BLOCKS = YES;
				GCC_OPTIMIZATION_LEVEL = 0;
				GCC_PREPROCESSOR_DEFINITIONS = (
					"DEBUG=1",
					"$(inherited)",
				);
				GCC_WARN_64_TO_32_BIT_CONVERSION = YES;
				GCC_WARN_ABOUT_RETURN_TYPE = YES_ERROR;
				GCC_WARN_UNDECLARED_SELECTOR = YES;
				GCC_WARN_UNINITIALIZED_AUTOS = YES_AGGRESSIVE;
				GCC_WARN_UNUSED_FUNCTION = YES;
				GCC_WARN_UNUSED_VARIABLE = YES;
				IPHONEOS_DEPLOYMENT_TARGET = 9.3;
				MTL_ENABLE_DEBUG_INFO = YES;
				ONLY_ACTIVE_ARCH = YES;
				SDKROOT = iphoneos;
				SWIFT_OPTIMIZATION_LEVEL = "-Onone";
				TARGETED_DEVICE_FAMILY = "1,2";
			};
			name = Debug;
		};
		2A5A8DF21D2ACAF900117273 /* Release */ = {
			isa = XCBuildConfiguration;
			buildSettings = {
				ALWAYS_SEARCH_USER_PATHS = NO;
				CLANG_ANALYZER_NONNULL = YES;
				CLANG_CXX_LANGUAGE_STANDARD = "gnu++0x";
				CLANG_CXX_LIBRARY = "libc++";
				CLANG_ENABLE_MODULES = YES;
				CLANG_ENABLE_OBJC_ARC = YES;
				CLANG_WARN_BOOL_CONVERSION = YES;
				CLANG_WARN_CONSTANT_CONVERSION = YES;
				CLANG_WARN_DIRECT_OBJC_ISA_USAGE = YES_ERROR;
				CLANG_WARN_EMPTY_BODY = YES;
				CLANG_WARN_ENUM_CONVERSION = YES;
				CLANG_WARN_INT_CONVERSION = YES;
				CLANG_WARN_OBJC_ROOT_CLASS = YES_ERROR;
				CLANG_WARN_UNREACHABLE_CODE = YES;
				CLANG_WARN__DUPLICATE_METHOD_MATCH = YES;
				"CODE_SIGN_IDENTITY[sdk=iphoneos*]" = "iPhone Developer";
				COPY_PHASE_STRIP = NO;
				DEBUG_INFORMATION_FORMAT = "dwarf-with-dsym";
				ENABLE_NS_ASSERTIONS = NO;
				ENABLE_STRICT_OBJC_MSGSEND = YES;
				GCC_C_LANGUAGE_STANDARD = gnu99;
				GCC_NO_COMMON_BLOCKS = YES;
				GCC_WARN_64_TO_32_BIT_CONVERSION = YES;
				GCC_WARN_ABOUT_RETURN_TYPE = YES_ERROR;
				GCC_WARN_UNDECLARED_SELECTOR = YES;
				GCC_WARN_UNINITIALIZED_AUTOS = YES_AGGRESSIVE;
				GCC_WARN_UNUSED_FUNCTION = YES;
				GCC_WARN_UNUSED_VARIABLE = YES;
				IPHONEOS_DEPLOYMENT_TARGET = 9.3;
				MTL_ENABLE_DEBUG_INFO = NO;
				SDKROOT = iphoneos;
				TARGETED_DEVICE_FAMILY = "1,2";
				VALIDATE_PRODUCT = YES;
			};
			name = Release;
		};
		2A5A8DF41D2ACAF900117273 /* Debug */ = {
			isa = XCBuildConfiguration;
			buildSettings = {
				ASSETCATALOG_COMPILER_APPICON_NAME = AppIcon;
				CODE_SIGN_IDENTITY = "iPhone Developer";
				INFOPLIST_FILE = Click/Info.plist;
				LD_RUNPATH_SEARCH_PATHS = "$(inherited) @executable_path/Frameworks";
				PRODUCT_BUNDLE_IDENTIFIER = "Seab-Jackson.Click";
				PRODUCT_NAME = "$(TARGET_NAME)";
			};
			name = Debug;
		};
		2A5A8DF51D2ACAF900117273 /* Release */ = {
			isa = XCBuildConfiguration;
			buildSettings = {
				ASSETCATALOG_COMPILER_APPICON_NAME = AppIcon;
				CODE_SIGN_IDENTITY = "iPhone Developer";
				INFOPLIST_FILE = Click/Info.plist;
				LD_RUNPATH_SEARCH_PATHS = "$(inherited) @executable_path/Frameworks";
				PRODUCT_BUNDLE_IDENTIFIER = "Seab-Jackson.Click";
				PRODUCT_NAME = "$(TARGET_NAME)";
			};
			name = Release;
		};
		2A5A8DF71D2ACAF900117273 /* Debug */ = {
			isa = XCBuildConfiguration;
			buildSettings = {
				BUNDLE_LOADER = "$(TEST_HOST)";
				INFOPLIST_FILE = ClickTests/Info.plist;
				LD_RUNPATH_SEARCH_PATHS = "$(inherited) @executable_path/Frameworks @loader_path/Frameworks";
				PRODUCT_BUNDLE_IDENTIFIER = "Seab-Jackson.ClickTests";
				PRODUCT_NAME = "$(TARGET_NAME)";
				TEST_HOST = "$(BUILT_PRODUCTS_DIR)/Click.app/Click";
			};
			name = Debug;
		};
		2A5A8DF81D2ACAF900117273 /* Release */ = {
			isa = XCBuildConfiguration;
			buildSettings = {
				BUNDLE_LOADER = "$(TEST_HOST)";
				INFOPLIST_FILE = ClickTests/Info.plist;
				LD_RUNPATH_SEARCH_PATHS = "$(inherited) @executable_path/Frameworks @loader_path/Frameworks";
				PRODUCT_BUNDLE_IDENTIFIER = "Seab-Jackson.ClickTests";
				PRODUCT_NAME = "$(TARGET_NAME)";
				TEST_HOST = "$(BUILT_PRODUCTS_DIR)/Click.app/Click";
			};
			name = Release;
		};
		2A5A8DFA1D2ACAF900117273 /* Debug */ = {
			isa = XCBuildConfiguration;
			buildSettings = {
				INFOPLIST_FILE = ClickUITests/Info.plist;
				LD_RUNPATH_SEARCH_PATHS = "$(inherited) @executable_path/Frameworks @loader_path/Frameworks";
				PRODUCT_BUNDLE_IDENTIFIER = "Seab-Jackson.ClickUITests";
				PRODUCT_NAME = "$(TARGET_NAME)";
				TEST_TARGET_NAME = Click;
			};
			name = Debug;
		};
		2A5A8DFB1D2ACAF900117273 /* Release */ = {
			isa = XCBuildConfiguration;
			buildSettings = {
				INFOPLIST_FILE = ClickUITests/Info.plist;
				LD_RUNPATH_SEARCH_PATHS = "$(inherited) @executable_path/Frameworks @loader_path/Frameworks";
				PRODUCT_BUNDLE_IDENTIFIER = "Seab-Jackson.ClickUITests";
				PRODUCT_NAME = "$(TARGET_NAME)";
				TEST_TARGET_NAME = Click;
			};
			name = Release;
		};
/* End XCBuildConfiguration section */

/* Begin XCConfigurationList section */
		2A5A8DC61D2ACAF800117273 /* Build configuration list for PBXProject "Click" */ = {
			isa = XCConfigurationList;
			buildConfigurations = (
				2A5A8DF11D2ACAF900117273 /* Debug */,
				2A5A8DF21D2ACAF900117273 /* Release */,
			);
			defaultConfigurationIsVisible = 0;
			defaultConfigurationName = Release;
		};
		2A5A8DF31D2ACAF900117273 /* Build configuration list for PBXNativeTarget "Click" */ = {
			isa = XCConfigurationList;
			buildConfigurations = (
				2A5A8DF41D2ACAF900117273 /* Debug */,
				2A5A8DF51D2ACAF900117273 /* Release */,
			);
			defaultConfigurationIsVisible = 0;
		};
		2A5A8DF61D2ACAF900117273 /* Build configuration list for PBXNativeTarget "ClickTests" */ = {
			isa = XCConfigurationList;
			buildConfigurations = (
				2A5A8DF71D2ACAF900117273 /* Debug */,
				2A5A8DF81D2ACAF900117273 /* Release */,
			);
			defaultConfigurationIsVisible = 0;
		};
		2A5A8DF91D2ACAF900117273 /* Build configuration list for PBXNativeTarget "ClickUITests" */ = {
			isa = XCConfigurationList;
			buildConfigurations = (
				2A5A8DFA1D2ACAF900117273 /* Debug */,
				2A5A8DFB1D2ACAF900117273 /* Release */,
			);
			defaultConfigurationIsVisible = 0;
		};
/* End XCConfigurationList section */
	};
	rootObject = 2A5A8DC31D2ACAF800117273 /* Project object */;
}
